version = 1
revision = 3
requires-python = ">=3.8"

[[package]]
name = "pyrefly"
version = "0.31.1"
source = { registry = "https://pypi.org/simple" }
sdist = { url = "https://files.pythonhosted.org/packages/74/c4/4b45120c1af9698909fb5e771170566959bad43530f2f0ac434674789e14/pyrefly-0.31.1.tar.gz", hash = "sha256:79609735d2683c9fda12b14e74a0643477984216297fc8786086cc29f964901d", size = 1342496, upload-time = "2025-09-05T23:06:50.129Z" }
wheels = [
    { url = "https://files.pythonhosted.org/packages/49/26/1c8699516f2d67456df729df2996a5957e6f27693db00219252e7be514dd/pyrefly-0.31.1-py3-none-macosx_10_12_x86_64.whl", hash = "sha256:b251a502a3d7c435361fa66449b0d3eaafd9e5b7bd16802e626ae28fa8972e54", size = 6622774, upload-time = "2025-09-05T23:06:33.592Z" },
    { url = "https://files.pythonhosted.org/packages/b4/fe/1d63007e29494894bee8e56a8e3631f5a1ecdbbf99fce233ebbc5c13e6dc/pyrefly-0.31.1-py3-none-macosx_11_0_arm64.whl", hash = "sha256:3f9ca929a9a259c3c2d2d10b7639e68a6ec11f227cf0f5525a53ceb720b065ea", size = 6162225, upload-time = "2025-09-05T23:06:35.841Z" },
    { url = "https://files.pythonhosted.org/packages/19/bc/8f67f8a68b1d35c87b170d8c11619d01d7769c7f206d72954ed80c44c675/pyrefly-0.31.1-py3-none-manylinux_2_17_aarch64.manylinux2014_aarch64.whl", hash = "sha256:68cf8e4b4abbdb0f50919caf1310e82fc7f2b09ba5152bfcedd8fda189b0cf42", size = 6410448, upload-time = "2025-09-05T23:06:38.228Z" },
    { url = "https://files.pythonhosted.org/packages/ee/e6/755de7c249a6a497542f21e61e94b3afbfc096fa480678e87e7c02410b4a/pyrefly-0.31.1-py3-none-manylinux_2_17_i686.manylinux2014_i686.whl", hash = "sha256:a3f7c67586f506910248cc410b5232418635604c8cc2f4d61d6432418c6a5647", size = 7204044, upload-time = "2025-09-05T23:06:39.859Z" },
    { url = "https://files.pythonhosted.org/packages/39/be/4ca0a3e8f78357e6846fb367ad00790c74c7bc80928171ce0e34d33aabc8/pyrefly-0.31.1-py3-none-manylinux_2_17_x86_64.manylinux2014_x86_64.whl", hash = "sha256:3c0d809af388144cb148eb11c6ebc33f8e5c6adafc22a7f0da99d9b555123e42", size = 6890396, upload-time = "2025-09-05T23:06:42.137Z" },
    { url = "https://files.pythonhosted.org/packages/01/1a/9c3381910d51d64a26726c6111ac5a1ee90e5de9e92b4827be352610c5b8/pyrefly-0.31.1-py3-none-win32.whl", hash = "sha256:8bde23e37fb68367b691b7491880e0ce95e150d879fe43e3a86e78f3cf911a23", size = 6383610, upload-time = "2025-09-05T23:06:44.159Z" },
    { url = "https://files.pythonhosted.org/packages/c4/ab/f99cf8f7acebc0ddf0718ca4f33786e78353019903e5888de133c67863f5/pyrefly-0.31.1-py3-none-win_amd64.whl", hash = "sha256:bec49618d2574ccd200de515480c4b60740926f3a7a4b1804fdae49b72665719", size = 6800276, upload-time = "2025-09-05T23:06:46.071Z" },
    { url = "https://files.pythonhosted.org/packages/02/53/b02648724846a3bd676410261f2d980a260a16e337fe978028429fc712d1/pyrefly-0.31.1-py3-none-win_arm64.whl", hash = "sha256:370d2b7fab9cab0de937f44638cf6666322e27b6d2c84c4b82cba0e868c6d437", size = 6421184, upload-time = "2025-09-05T23:06:48.218Z" },
]

[[package]]
name = "pyrefly-pre-commit"
version = "0.0.1"
source = { virtual = "." }
dependencies = [
    { name = "pyrefly" },
]

[package.metadata]
requires-dist = [{ name = "pyrefly", specifier = "==0.31.1" }]
